
Microsoft Visual Studio Solution File, Format Version 12.00
# Visual Studio Version 16
VisualStudioVersion = 16.0.29613.14
MinimumVisualStudioVersion = 10.0.40219.1
Project("{FAE04EC0-301F-11D3-BF4B-00C04F79EFBC}") = "Vaja", "Vaja\Vaja.csproj", "{BA0CCD19-03DF-4E81-9638-BB34D89A9EB7}"
EndProject
Global
	GlobalSection(SolutionConfigurationPlatforms) = preSolution
		Debug|Any CPU = Debug|Any CPU
		Release|Any CPU = Release|Any CPU
	EndGlobalSection
	GlobalSection(ProjectConfigurationPlatforms) = postSolution
		{BA0CCD19-03DF-4E81-9638-BB34D89A9EB7}.Debug|Any CPU.ActiveCfg = Debug|Any CPU
		{BA0CCD19-03DF-4E81-9638-BB34D89A9EB7}.Debug|Any CPU.Build.0 = Debug|Any CPU
		{BA0CCD19-03DF-4E81-9638-BB34D89A9EB7}.Release|Any CPU.ActiveCfg = Release|Any CPU
		{BA0CCD19-03DF-4E81-9638-BB34D89A9EB7}.Release|Any CPU.Build.0 = Release|Any CPU
	EndGlobalSection
	GlobalSection(SolutionProperties) = preSolution
		HideSolutionNode = FALSE
	EndGlobalSection
	GlobalSection(ExtensibilityGlobals) = postSolution
		SolutionGuid = {2C7775A6-19E3-45B0-8841-E267311207DC}
	EndGlobalSection
EndGlobal
