
Microsoft Visual Studio Solution File, Format Version 12.00
# Visual Studio Version 16
VisualStudioVersion = 16.0.29613.14
MinimumVisualStudioVersion = 10.0.40219.1
Project("{FAE04EC0-301F-11D3-BF4B-00C04F79EFBC}") = "VajaPodjetje", "VajaPodjetje\VajaPodjetje.csproj", "{607415BB-DA8A-4C59-BB6D-48B281003955}"
EndProject
Global
	GlobalSection(SolutionConfigurationPlatforms) = preSolution
		Debug|Any CPU = Debug|Any CPU
		Release|Any CPU = Release|Any CPU
	EndGlobalSection
	GlobalSection(ProjectConfigurationPlatforms) = postSolution
		{607415BB-DA8A-4C59-BB6D-48B281003955}.Debug|Any CPU.ActiveCfg = Debug|Any CPU
		{607415BB-DA8A-4C59-BB6D-48B281003955}.Debug|Any CPU.Build.0 = Debug|Any CPU
		{607415BB-DA8A-4C59-BB6D-48B281003955}.Release|Any CPU.ActiveCfg = Release|Any CPU
		{607415BB-DA8A-4C59-BB6D-48B281003955}.Release|Any CPU.Build.0 = Release|Any CPU
	EndGlobalSection
	GlobalSection(SolutionProperties) = preSolution
		HideSolutionNode = FALSE
	EndGlobalSection
	GlobalSection(ExtensibilityGlobals) = postSolution
		SolutionGuid = {72FE99B2-ABBC-4CE1-AA56-8D65CCDDC00E}
	EndGlobalSection
EndGlobal
